
Microsoft Visual Studio Solution File, Format Version 12.00
# Visual Studio 15
VisualStudioVersion = 15.0.28010.2019
MinimumVisualStudioVersion = 10.0.40219.1
Project("{9A19103F-16F7-4668-BE54-9A1E7A4F7556}") = "GameServer", "GameServer\GameServer.csproj", "{64B65BDB-F22B-4CA1-A769-49770C32E3A6}"
EndProject
Project("{9A19103F-16F7-4668-BE54-9A1E7A4F7556}") = "LightEngine", "LightEngine\LightEngine.csproj", "{84070929-59CF-44C3-8F34-9E4CF0F03997}"
EndProject
Global
	GlobalSection(SolutionConfigurationPlatforms) = preSolution
		Debug|Any CPU = Debug|Any CPU
		Release|Any CPU = Release|Any CPU
	EndGlobalSection
	GlobalSection(ProjectConfigurationPlatforms) = postSolution
		{64B65BDB-F22B-4CA1-A769-49770C32E3A6}.Debug|Any CPU.ActiveCfg = Debug|Any CPU
		{64B65BDB-F22B-4CA1-A769-49770C32E3A6}.Debug|Any CPU.Build.0 = Debug|Any CPU
		{64B65BDB-F22B-4CA1-A769-49770C32E3A6}.Release|Any CPU.ActiveCfg = Release|Any CPU
		{64B65BDB-F22B-4CA1-A769-49770C32E3A6}.Release|Any CPU.Build.0 = Release|Any CPU
		{84070929-59CF-44C3-8F34-9E4CF0F03997}.Debug|Any CPU.ActiveCfg = Debug|Any CPU
		{84070929-59CF-44C3-8F34-9E4CF0F03997}.Debug|Any CPU.Build.0 = Debug|Any CPU
		{84070929-59CF-44C3-8F34-9E4CF0F03997}.Release|Any CPU.ActiveCfg = Release|Any CPU
		{84070929-59CF-44C3-8F34-9E4CF0F03997}.Release|Any CPU.Build.0 = Release|Any CPU
	EndGlobalSection
	GlobalSection(SolutionProperties) = preSolution
		HideSolutionNode = FALSE
	EndGlobalSection
	GlobalSection(ExtensibilityGlobals) = postSolution
		SolutionGuid = {C66BBC0F-7709-43E0-A136-5FA0542BE87C}
	EndGlobalSection
EndGlobal
