
Microsoft Visual Studio Solution File, Format Version 12.00
# Visual Studio 15
VisualStudioVersion = 15.0.28010.2019
MinimumVisualStudioVersion = 10.0.40219.1
Project("{FAE04EC0-301F-11D3-BF4B-00C04F79EFBC}") = "LightEngineSerializeable", "LightEngineSerializeable\LightEngineSerializeable.csproj", "{72C01B8D-A487-4806-9087-E045BCFA2A03}"
EndProject
Project("{FAE04EC0-301F-11D3-BF4B-00C04F79EFBC}") = "LightGameServer", "LightGameServer\LightGameServer.csproj", "{9CE8A931-BBB1-4909-A868-452346F9B505}"
EndProject
Project("{FAE04EC0-301F-11D3-BF4B-00C04F79EFBC}") = "LightEngineCore", "LightEngineCore\LightEngineCore.csproj", "{D0FB5492-20C4-4FC2-B3CB-3E4BB41AD15E}"
EndProject
Global
	GlobalSection(SolutionConfigurationPlatforms) = preSolution
		Debug|Any CPU = Debug|Any CPU
		Release|Any CPU = Release|Any CPU
	EndGlobalSection
	GlobalSection(ProjectConfigurationPlatforms) = postSolution
		{72C01B8D-A487-4806-9087-E045BCFA2A03}.Debug|Any CPU.ActiveCfg = Debug|Any CPU
		{72C01B8D-A487-4806-9087-E045BCFA2A03}.Debug|Any CPU.Build.0 = Debug|Any CPU
		{72C01B8D-A487-4806-9087-E045BCFA2A03}.Release|Any CPU.ActiveCfg = Release|Any CPU
		{72C01B8D-A487-4806-9087-E045BCFA2A03}.Release|Any CPU.Build.0 = Release|Any CPU
		{9CE8A931-BBB1-4909-A868-452346F9B505}.Debug|Any CPU.ActiveCfg = Debug|Any CPU
		{9CE8A931-BBB1-4909-A868-452346F9B505}.Debug|Any CPU.Build.0 = Debug|Any CPU
		{9CE8A931-BBB1-4909-A868-452346F9B505}.Release|Any CPU.ActiveCfg = Release|Any CPU
		{9CE8A931-BBB1-4909-A868-452346F9B505}.Release|Any CPU.Build.0 = Release|Any CPU
		{D0FB5492-20C4-4FC2-B3CB-3E4BB41AD15E}.Debug|Any CPU.ActiveCfg = Debug|Any CPU
		{D0FB5492-20C4-4FC2-B3CB-3E4BB41AD15E}.Debug|Any CPU.Build.0 = Debug|Any CPU
		{D0FB5492-20C4-4FC2-B3CB-3E4BB41AD15E}.Release|Any CPU.ActiveCfg = Release|Any CPU
		{D0FB5492-20C4-4FC2-B3CB-3E4BB41AD15E}.Release|Any CPU.Build.0 = Release|Any CPU
	EndGlobalSection
	GlobalSection(SolutionProperties) = preSolution
		HideSolutionNode = FALSE
	EndGlobalSection
	GlobalSection(ExtensibilityGlobals) = postSolution
		SolutionGuid = {C66BBC0F-7709-43E0-A136-5FA0542BE87C}
	EndGlobalSection
EndGlobal
